// !$*UTF8*$!
{
	archiveVersion = 1;
	classes = {
	};
	objectVersion = 48;
	objects = {

/* Begin PBXBuildFile section */
		1A6402171F62868000FEE3E0 /* AppDelegate.swift in Sources */ = {isa = PBXBuildFile; fileRef = 1A6402161F62868000FEE3E0 /* AppDelegate.swift */; };
		1A6402191F62868000FEE3E0 /* art.scnassets in Resources */ = {isa = PBXBuildFile; fileRef = 1A6402181F62868000FEE3E0 /* art.scnassets */; };
		1A64021B1F62868000FEE3E0 /* ViewController.swift in Sources */ = {isa = PBXBuildFile; fileRef = 1A64021A1F62868000FEE3E0 /* ViewController.swift */; };
		1A64021E1F62868000FEE3E0 /* Main.storyboard in Resources */ = {isa = PBXBuildFile; fileRef = 1A64021C1F62868000FEE3E0 /* Main.storyboard */; };
		1A6402201F62868000FEE3E0 /* Assets.xcassets in Resources */ = {isa = PBXBuildFile; fileRef = 1A64021F1F62868000FEE3E0 /* Assets.xcassets */; };
		1A6402231F62868000FEE3E0 /* LaunchScreen.storyboard in Resources */ = {isa = PBXBuildFile; fileRef = 1A6402211F62868000FEE3E0 /* LaunchScreen.storyboard */; };
		1A64022E1F62868000FEE3E0 /* ArvidTests.swift in Sources */ = {isa = PBXBuildFile; fileRef = 1A64022D1F62868000FEE3E0 /* ArvidTests.swift */; };
		1A6402391F62888D00FEE3E0 /* Plane.swift in Sources */ = {isa = PBXBuildFile; fileRef = 1A6402381F62888D00FEE3E0 /* Plane.swift */; };
		1A64023B1F628BED00FEE3E0 /* Utilities.swift in Sources */ = {isa = PBXBuildFile; fileRef = 1A64023A1F628BED00FEE3E0 /* Utilities.swift */; };
		F92681B31F62963E005AB3DA /* FocusSquare.swift in Sources */ = {isa = PBXBuildFile; fileRef = F92681B21F62963E005AB3DA /* FocusSquare.swift */; };
/* End PBXBuildFile section */

/* Begin PBXContainerItemProxy section */
		1A64022A1F62868000FEE3E0 /* PBXContainerItemProxy */ = {
			isa = PBXContainerItemProxy;
			containerPortal = 1A64020B1F62868000FEE3E0 /* Project object */;
			proxyType = 1;
			remoteGlobalIDString = 1A6402121F62868000FEE3E0;
			remoteInfo = Arvid;
		};
/* End PBXContainerItemProxy section */

/* Begin PBXFileReference section */
		1A6402131F62868000FEE3E0 /* Arvid.app */ = {isa = PBXFileReference; explicitFileType = wrapper.application; includeInIndex = 0; path = Arvid.app; sourceTree = BUILT_PRODUCTS_DIR; };
		1A6402161F62868000FEE3E0 /* AppDelegate.swift */ = {isa = PBXFileReference; lastKnownFileType = sourcecode.swift; path = AppDelegate.swift; sourceTree = "<group>"; };
		1A6402181F62868000FEE3E0 /* art.scnassets */ = {isa = PBXFileReference; lastKnownFileType = wrapper.scnassets; path = art.scnassets; sourceTree = "<group>"; };
		1A64021A1F62868000FEE3E0 /* ViewController.swift */ = {isa = PBXFileReference; lastKnownFileType = sourcecode.swift; path = ViewController.swift; sourceTree = "<group>"; };
		1A64021D1F62868000FEE3E0 /* Base */ = {isa = PBXFileReference; lastKnownFileType = file.storyboard; name = Base; path = Base.lproj/Main.storyboard; sourceTree = "<group>"; };
		1A64021F1F62868000FEE3E0 /* Assets.xcassets */ = {isa = PBXFileReference; lastKnownFileType = folder.assetcatalog; path = Assets.xcassets; sourceTree = "<group>"; };
		1A6402221F62868000FEE3E0 /* Base */ = {isa = PBXFileReference; lastKnownFileType = file.storyboard; name = Base; path = Base.lproj/LaunchScreen.storyboard; sourceTree = "<group>"; };
		1A6402241F62868000FEE3E0 /* Info.plist */ = {isa = PBXFileReference; lastKnownFileType = text.plist.xml; path = Info.plist; sourceTree = "<group>"; };
		1A6402291F62868000FEE3E0 /* ArvidTests.xctest */ = {isa = PBXFileReference; explicitFileType = wrapper.cfbundle; includeInIndex = 0; path = ArvidTests.xctest; sourceTree = BUILT_PRODUCTS_DIR; };
		1A64022D1F62868000FEE3E0 /* ArvidTests.swift */ = {isa = PBXFileReference; lastKnownFileType = sourcecode.swift; path = ArvidTests.swift; sourceTree = "<group>"; };
		1A64022F1F62868000FEE3E0 /* Info.plist */ = {isa = PBXFileReference; lastKnownFileType = text.plist.xml; path = Info.plist; sourceTree = "<group>"; };
		1A6402381F62888D00FEE3E0 /* Plane.swift */ = {isa = PBXFileReference; lastKnownFileType = sourcecode.swift; path = Plane.swift; sourceTree = "<group>"; };
		1A64023A1F628BED00FEE3E0 /* Utilities.swift */ = {isa = PBXFileReference; lastKnownFileType = sourcecode.swift; path = Utilities.swift; sourceTree = "<group>"; };
		F92681B21F62963E005AB3DA /* FocusSquare.swift */ = {isa = PBXFileReference; lastKnownFileType = sourcecode.swift; path = FocusSquare.swift; sourceTree = "<group>"; };
/* End PBXFileReference section */

/* Begin PBXFrameworksBuildPhase section */
		1A6402101F62868000FEE3E0 /* Frameworks */ = {
			isa = PBXFrameworksBuildPhase;
			buildActionMask = 2147483647;
			files = (
			);
			runOnlyForDeploymentPostprocessing = 0;
		};
		1A6402261F62868000FEE3E0 /* Frameworks */ = {
			isa = PBXFrameworksBuildPhase;
			buildActionMask = 2147483647;
			files = (
			);
			runOnlyForDeploymentPostprocessing = 0;
		};
/* End PBXFrameworksBuildPhase section */

/* Begin PBXGroup section */
		1A64020A1F62868000FEE3E0 = {
			isa = PBXGroup;
			children = (
				1A6402151F62868000FEE3E0 /* Arvid */,
				1A64022C1F62868000FEE3E0 /* ArvidTests */,
				1A6402141F62868000FEE3E0 /* Products */,
			);
			sourceTree = "<group>";
		};
		1A6402141F62868000FEE3E0 /* Products */ = {
			isa = PBXGroup;
			children = (
				1A6402131F62868000FEE3E0 /* Arvid.app */,
				1A6402291F62868000FEE3E0 /* ArvidTests.xctest */,
			);
			name = Products;
			sourceTree = "<group>";
		};
		1A6402151F62868000FEE3E0 /* Arvid */ = {
			isa = PBXGroup;
			children = (
				1A6402161F62868000FEE3E0 /* AppDelegate.swift */,
				1A6402181F62868000FEE3E0 /* art.scnassets */,
				1A64021A1F62868000FEE3E0 /* ViewController.swift */,
				1A64021C1F62868000FEE3E0 /* Main.storyboard */,
				1A64021F1F62868000FEE3E0 /* Assets.xcassets */,
				1A6402211F62868000FEE3E0 /* LaunchScreen.storyboard */,
				1A6402241F62868000FEE3E0 /* Info.plist */,
				F92681B21F62963E005AB3DA /* FocusSquare.swift */,
				1A6402381F62888D00FEE3E0 /* Plane.swift */,
				1A64023A1F628BED00FEE3E0 /* Utilities.swift */,
			);
			path = Arvid;
			sourceTree = "<group>";
		};
		1A64022C1F62868000FEE3E0 /* ArvidTests */ = {
			isa = PBXGroup;
			children = (
				1A64022D1F62868000FEE3E0 /* ArvidTests.swift */,
				1A64022F1F62868000FEE3E0 /* Info.plist */,
			);
			path = ArvidTests;
			sourceTree = "<group>";
		};
/* End PBXGroup section */

/* Begin PBXNativeTarget section */
		1A6402121F62868000FEE3E0 /* Arvid */ = {
			isa = PBXNativeTarget;
			buildConfigurationList = 1A6402321F62868000FEE3E0 /* Build configuration list for PBXNativeTarget "Arvid" */;
			buildPhases = (
				1A64020F1F62868000FEE3E0 /* Sources */,
				1A6402101F62868000FEE3E0 /* Frameworks */,
				1A6402111F62868000FEE3E0 /* Resources */,
			);
			buildRules = (
			);
			dependencies = (
			);
			name = Arvid;
			productName = Arvid;
			productReference = 1A6402131F62868000FEE3E0 /* Arvid.app */;
			productType = "com.apple.product-type.application";
		};
		1A6402281F62868000FEE3E0 /* ArvidTests */ = {
			isa = PBXNativeTarget;
			buildConfigurationList = 1A6402351F62868000FEE3E0 /* Build configuration list for PBXNativeTarget "ArvidTests" */;
			buildPhases = (
				1A6402251F62868000FEE3E0 /* Sources */,
				1A6402261F62868000FEE3E0 /* Frameworks */,
				1A6402271F62868000FEE3E0 /* Resources */,
			);
			buildRules = (
			);
			dependencies = (
				1A64022B1F62868000FEE3E0 /* PBXTargetDependency */,
			);
			name = ArvidTests;
			productName = ArvidTests;
			productReference = 1A6402291F62868000FEE3E0 /* ArvidTests.xctest */;
			productType = "com.apple.product-type.bundle.unit-test";
		};
/* End PBXNativeTarget section */

/* Begin PBXProject section */
		1A64020B1F62868000FEE3E0 /* Project object */ = {
			isa = PBXProject;
			attributes = {
				LastSwiftUpdateCheck = 0900;
				LastUpgradeCheck = 0900;
				ORGANIZATIONNAME = Mayholm;
				TargetAttributes = {
					1A6402121F62868000FEE3E0 = {
						CreatedOnToolsVersion = 9.0;
					};
					1A6402281F62868000FEE3E0 = {
						CreatedOnToolsVersion = 9.0;
						TestTargetID = 1A6402121F62868000FEE3E0;
					};
				};
			};
			buildConfigurationList = 1A64020E1F62868000FEE3E0 /* Build configuration list for PBXProject "Arvid" */;
			compatibilityVersion = "Xcode 8.0";
			developmentRegion = en;
			hasScannedForEncodings = 0;
			knownRegions = (
				en,
				Base,
			);
			mainGroup = 1A64020A1F62868000FEE3E0;
			productRefGroup = 1A6402141F62868000FEE3E0 /* Products */;
			projectDirPath = "";
			projectRoot = "";
			targets = (
				1A6402121F62868000FEE3E0 /* Arvid */,
				1A6402281F62868000FEE3E0 /* ArvidTests */,
			);
		};
/* End PBXProject section */

/* Begin PBXResourcesBuildPhase section */
		1A6402111F62868000FEE3E0 /* Resources */ = {
			isa = PBXResourcesBuildPhase;
			buildActionMask = 2147483647;
			files = (
				1A6402191F62868000FEE3E0 /* art.scnassets in Resources */,
				1A6402231F62868000FEE3E0 /* LaunchScreen.storyboard in Resources */,
				1A6402201F62868000FEE3E0 /* Assets.xcassets in Resources */,
				1A64021E1F62868000FEE3E0 /* Main.storyboard in Resources */,
			);
			runOnlyForDeploymentPostprocessing = 0;
		};
		1A6402271F62868000FEE3E0 /* Resources */ = {
			isa = PBXResourcesBuildPhase;
			buildActionMask = 2147483647;
			files = (
			);
			runOnlyForDeploymentPostprocessing = 0;
		};
/* End PBXResourcesBuildPhase section */

/* Begin PBXSourcesBuildPhase section */
		1A64020F1F62868000FEE3E0 /* Sources */ = {
			isa = PBXSourcesBuildPhase;
			buildActionMask = 2147483647;
			files = (
				F92681B31F62963E005AB3DA /* FocusSquare.swift in Sources */,
				1A64021B1F62868000FEE3E0 /* ViewController.swift in Sources */,
				1A6402391F62888D00FEE3E0 /* Plane.swift in Sources */,
				1A64023B1F628BED00FEE3E0 /* Utilities.swift in Sources */,
				1A6402171F62868000FEE3E0 /* AppDelegate.swift in Sources */,
			);
			runOnlyForDeploymentPostprocessing = 0;
		};
		1A6402251F62868000FEE3E0 /* Sources */ = {
			isa = PBXSourcesBuildPhase;
			buildActionMask = 2147483647;
			files = (
				1A64022E1F62868000FEE3E0 /* ArvidTests.swift in Sources */,
			);
			runOnlyForDeploymentPostprocessing = 0;
		};
/* End PBXSourcesBuildPhase section */

/* Begin PBXTargetDependency section */
		1A64022B1F62868000FEE3E0 /* PBXTargetDependency */ = {
			isa = PBXTargetDependency;
			target = 1A6402121F62868000FEE3E0 /* Arvid */;
			targetProxy = 1A64022A1F62868000FEE3E0 /* PBXContainerItemProxy */;
		};
/* End PBXTargetDependency section */

/* Begin PBXVariantGroup section */
		1A64021C1F62868000FEE3E0 /* Main.storyboard */ = {
			isa = PBXVariantGroup;
			children = (
				1A64021D1F62868000FEE3E0 /* Base */,
			);
			name = Main.storyboard;
			sourceTree = "<group>";
		};
		1A6402211F62868000FEE3E0 /* LaunchScreen.storyboard */ = {
			isa = PBXVariantGroup;
			children = (
				1A6402221F62868000FEE3E0 /* Base */,
			);
			name = LaunchScreen.storyboard;
			sourceTree = "<group>";
		};
/* End PBXVariantGroup section */

/* Begin XCBuildConfiguration section */
		1A6402301F62868000FEE3E0 /* Debug */ = {
			isa = XCBuildConfiguration;
			buildSettings = {
				ALWAYS_SEARCH_USER_PATHS = NO;
				CLANG_ANALYZER_NONNULL = YES;
				CLANG_ANALYZER_NUMBER_OBJECT_CONVERSION = YES_AGGRESSIVE;
				CLANG_CXX_LANGUAGE_STANDARD = "gnu++14";
				CLANG_CXX_LIBRARY = "libc++";
				CLANG_ENABLE_MODULES = YES;
				CLANG_ENABLE_OBJC_ARC = YES;
				CLANG_WARN_BLOCK_CAPTURE_AUTORELEASING = YES;
				CLANG_WARN_BOOL_CONVERSION = YES;
				CLANG_WARN_COMMA = YES;
				CLANG_WARN_CONSTANT_CONVERSION = YES;
				CLANG_WARN_DIRECT_OBJC_ISA_USAGE = YES_ERROR;
				CLANG_WARN_DOCUMENTATION_COMMENTS = YES;
				CLANG_WARN_EMPTY_BODY = YES;
				CLANG_WARN_ENUM_CONVERSION = YES;
				CLANG_WARN_INFINITE_RECURSION = YES;
				CLANG_WARN_INT_CONVERSION = YES;
				CLANG_WARN_OBJC_ROOT_CLASS = YES_ERROR;
				CLANG_WARN_RANGE_LOOP_ANALYSIS = YES;
				CLANG_WARN_STRICT_PROTOTYPES = YES;
				CLANG_WARN_SUSPICIOUS_MOVE = YES;
				CLANG_WARN_UNGUARDED_AVAILABILITY = YES_AGGRESSIVE;
				CLANG_WARN_UNREACHABLE_CODE = YES;
				CLANG_WARN__DUPLICATE_METHOD_MATCH = YES;
				CODE_SIGN_IDENTITY = "iPhone Developer";
				COPY_PHASE_STRIP = NO;
				DEBUG_INFORMATION_FORMAT = dwarf;
				ENABLE_STRICT_OBJC_MSGSEND = YES;
				ENABLE_TESTABILITY = YES;
				GCC_C_LANGUAGE_STANDARD = gnu11;
				GCC_DYNAMIC_NO_PIC = NO;
				GCC_NO_COMMON_BLOCKS = YES;
				GCC_OPTIMIZATION_LEVEL = 0;
				GCC_PREPROCESSOR_DEFINITIONS = (
					"DEBUG=1",
					"$(inherited)",
				);
				GCC_WARN_64_TO_32_BIT_CONVERSION = YES;
				GCC_WARN_ABOUT_RETURN_TYPE = YES_ERROR;
				GCC_WARN_UNDECLARED_SELECTOR = YES;
				GCC_WARN_UNINITIALIZED_AUTOS = YES_AGGRESSIVE;
				GCC_WARN_UNUSED_FUNCTION = YES;
				GCC_WARN_UNUSED_VARIABLE = YES;
				IPHONEOS_DEPLOYMENT_TARGET = 11.0;
				MTL_ENABLE_DEBUG_INFO = YES;
				ONLY_ACTIVE_ARCH = YES;
				SDKROOT = iphoneos;
				SWIFT_ACTIVE_COMPILATION_CONDITIONS = DEBUG;
				SWIFT_OPTIMIZATION_LEVEL = "-Onone";
			};
			name = Debug;
		};
		1A6402311F62868000FEE3E0 /* Release */ = {
			isa = XCBuildConfiguration;
			buildSettings = {
				ALWAYS_SEARCH_USER_PATHS = NO;
				CLANG_ANALYZER_NONNULL = YES;
				CLANG_ANALYZER_NUMBER_OBJECT_CONVERSION = YES_AGGRESSIVE;
				CLANG_CXX_LANGUAGE_STANDARD = "gnu++14";
				CLANG_CXX_LIBRARY = "libc++";
				CLANG_ENABLE_MODULES = YES;
				CLANG_ENABLE_OBJC_ARC = YES;
				CLANG_WARN_BLOCK_CAPTURE_AUTORELEASING = YES;
				CLANG_WARN_BOOL_CONVERSION = YES;
				CLANG_WARN_COMMA = YES;
				CLANG_WARN_CONSTANT_CONVERSION = YES;
				CLANG_WARN_DIRECT_OBJC_ISA_USAGE = YES_ERROR;
				CLANG_WARN_DOCUMENTATION_COMMENTS = YES;
				CLANG_WARN_EMPTY_BODY = YES;
				CLANG_WARN_ENUM_CONVERSION = YES;
				CLANG_WARN_INFINITE_RECURSION = YES;
				CLANG_WARN_INT_CONVERSION = YES;
				CLANG_WARN_OBJC_ROOT_CLASS = YES_ERROR;
				CLANG_WARN_RANGE_LOOP_ANALYSIS = YES;
				CLANG_WARN_STRICT_PROTOTYPES = YES;
				CLANG_WARN_SUSPICIOUS_MOVE = YES;
				CLANG_WARN_UNGUARDED_AVAILABILITY = YES_AGGRESSIVE;
				CLANG_WARN_UNREACHABLE_CODE = YES;
				CLANG_WARN__DUPLICATE_METHOD_MATCH = YES;
				CODE_SIGN_IDENTITY = "iPhone Developer";
				COPY_PHASE_STRIP = NO;
				DEBUG_INFORMATION_FORMAT = "dwarf-with-dsym";
				ENABLE_NS_ASSERTIONS = NO;
				ENABLE_STRICT_OBJC_MSGSEND = YES;
				GCC_C_LANGUAGE_STANDARD = gnu11;
				GCC_NO_COMMON_BLOCKS = YES;
				GCC_WARN_64_TO_32_BIT_CONVERSION = YES;
				GCC_WARN_ABOUT_RETURN_TYPE = YES_ERROR;
				GCC_WARN_UNDECLARED_SELECTOR = YES;
				GCC_WARN_UNINITIALIZED_AUTOS = YES_AGGRESSIVE;
				GCC_WARN_UNUSED_FUNCTION = YES;
				GCC_WARN_UNUSED_VARIABLE = YES;
				IPHONEOS_DEPLOYMENT_TARGET = 11.0;
				MTL_ENABLE_DEBUG_INFO = NO;
				SDKROOT = iphoneos;
				SWIFT_OPTIMIZATION_LEVEL = "-Owholemodule";
				VALIDATE_PRODUCT = YES;
			};
			name = Release;
		};
		1A6402331F62868000FEE3E0 /* Debug */ = {
			isa = XCBuildConfiguration;
			buildSettings = {
				ASSETCATALOG_COMPILER_APPICON_NAME = AppIcon;
				DEVELOPMENT_TEAM = 7XT7RQW894;
				INFOPLIST_FILE = Arvid/Info.plist;
				LD_RUNPATH_SEARCH_PATHS = "$(inherited) @executable_path/Frameworks";
				PRODUCT_BUNDLE_IDENTIFIER = com.mayholm.Arvid;
				PRODUCT_NAME = "$(TARGET_NAME)";
				SWIFT_VERSION = 4.0;
				TARGETED_DEVICE_FAMILY = "1,2";
			};
			name = Debug;
		};
		1A6402341F62868000FEE3E0 /* Release */ = {
			isa = XCBuildConfiguration;
			buildSettings = {
				ASSETCATALOG_COMPILER_APPICON_NAME = AppIcon;
				DEVELOPMENT_TEAM = 7XT7RQW894;
				INFOPLIST_FILE = Arvid/Info.plist;
				LD_RUNPATH_SEARCH_PATHS = "$(inherited) @executable_path/Frameworks";
				PRODUCT_BUNDLE_IDENTIFIER = com.mayholm.Arvid;
				PRODUCT_NAME = "$(TARGET_NAME)";
				SWIFT_VERSION = 4.0;
				TARGETED_DEVICE_FAMILY = "1,2";
			};
			name = Release;
		};
		1A6402361F62868000FEE3E0 /* Debug */ = {
			isa = XCBuildConfiguration;
			buildSettings = {
				ALWAYS_EMBED_SWIFT_STANDARD_LIBRARIES = YES;
				BUNDLE_LOADER = "$(TEST_HOST)";
				DEVELOPMENT_TEAM = V46E8G979N;
				INFOPLIST_FILE = ArvidTests/Info.plist;
				LD_RUNPATH_SEARCH_PATHS = "$(inherited) @executable_path/Frameworks @loader_path/Frameworks";
				PRODUCT_BUNDLE_IDENTIFIER = com.mayholm.ArvidTests;
				PRODUCT_NAME = "$(TARGET_NAME)";
				SWIFT_VERSION = 4.0;
				TARGETED_DEVICE_FAMILY = "1,2";
				TEST_HOST = "$(BUILT_PRODUCTS_DIR)/Arvid.app/Arvid";
			};
			name = Debug;
		};
		1A6402371F62868000FEE3E0 /* Release */ = {
			isa = XCBuildConfiguration;
			buildSettings = {
				ALWAYS_EMBED_SWIFT_STANDARD_LIBRARIES = YES;
				BUNDLE_LOADER = "$(TEST_HOST)";
				DEVELOPMENT_TEAM = V46E8G979N;
				INFOPLIST_FILE = ArvidTests/Info.plist;
				LD_RUNPATH_SEARCH_PATHS = "$(inherited) @executable_path/Frameworks @loader_path/Frameworks";
				PRODUCT_BUNDLE_IDENTIFIER = com.mayholm.ArvidTests;
				PRODUCT_NAME = "$(TARGET_NAME)";
				SWIFT_VERSION = 4.0;
				TARGETED_DEVICE_FAMILY = "1,2";
				TEST_HOST = "$(BUILT_PRODUCTS_DIR)/Arvid.app/Arvid";
			};
			name = Release;
		};
/* End XCBuildConfiguration section */

/* Begin XCConfigurationList section */
		1A64020E1F62868000FEE3E0 /* Build configuration list for PBXProject "Arvid" */ = {
			isa = XCConfigurationList;
			buildConfigurations = (
				1A6402301F62868000FEE3E0 /* Debug */,
				1A6402311F62868000FEE3E0 /* Release */,
			);
			defaultConfigurationIsVisible = 0;
			defaultConfigurationName = Release;
		};
		1A6402321F62868000FEE3E0 /* Build configuration list for PBXNativeTarget "Arvid" */ = {
			isa = XCConfigurationList;
			buildConfigurations = (
				1A6402331F62868000FEE3E0 /* Debug */,
				1A6402341F62868000FEE3E0 /* Release */,
			);
			defaultConfigurationIsVisible = 0;
			defaultConfigurationName = Release;
		};
		1A6402351F62868000FEE3E0 /* Build configuration list for PBXNativeTarget "ArvidTests" */ = {
			isa = XCConfigurationList;
			buildConfigurations = (
				1A6402361F62868000FEE3E0 /* Debug */,
				1A6402371F62868000FEE3E0 /* Release */,
			);
			defaultConfigurationIsVisible = 0;
			defaultConfigurationName = Release;
		};
/* End XCConfigurationList section */
	};
	rootObject = 1A64020B1F62868000FEE3E0 /* Project object */;
}
